
Microsoft Visual Studio Solution File, Format Version 12.00
# Visual Studio Version 16
VisualStudioVersion = 16.0.30717.126
MinimumVisualStudioVersion = 10.0.40219.1
Project("{FAE04EC0-301F-11D3-BF4B-00C04F79EFBC}") = "ConsoleCalculator", "ConsoleCalculator.csproj", "{DABD01E2-1BEF-4EDF-9818-6D22A0D29457}"
EndProject
Global
	GlobalSection(SolutionConfigurationPlatforms) = preSolution
		Debug|Any CPU = Debug|Any CPU
		Release|Any CPU = Release|Any CPU
	EndGlobalSection
	GlobalSection(ProjectConfigurationPlatforms) = postSolution
		{DABD01E2-1BEF-4EDF-9818-6D22A0D29457}.Debug|Any CPU.ActiveCfg = Debug|Any CPU
		{DABD01E2-1BEF-4EDF-9818-6D22A0D29457}.Debug|Any CPU.Build.0 = Debug|Any CPU
		{DABD01E2-1BEF-4EDF-9818-6D22A0D29457}.Release|Any CPU.ActiveCfg = Release|Any CPU
		{DABD01E2-1BEF-4EDF-9818-6D22A0D29457}.Release|Any CPU.Build.0 = Release|Any CPU
	EndGlobalSection
	GlobalSection(SolutionProperties) = preSolution
		HideSolutionNode = FALSE
	EndGlobalSection
	GlobalSection(ExtensibilityGlobals) = postSolution
		SolutionGuid = {592BFBD7-C829-4FAF-BEB1-4A9E381AE1E9}
	EndGlobalSection
EndGlobal
